
Microsoft Visual Studio Solution File, Format Version 12.00
# Visual Studio 2012
Project("{2150E333-8FDC-42A3-9474-1A3956D46DE8}") = "Structural", "Structural", "{584B1B07-7B5A-4AE8-8B41-42FF5A358605}"
EndProject
Project("{FAE04EC0-301F-11D3-BF4B-00C04F79EFBC}") = "Decorator", "Decorator\Decorator.csproj", "{C2ED3B5A-21DC-4894-8C91-1AD77656BE09}"
EndProject
Project("{FAE04EC0-301F-11D3-BF4B-00C04F79EFBC}") = "Proxy", "Proxy\Proxy.csproj", "{867764FE-01F5-46AC-B43F-968330D3EAF9}"
EndProject
Global
	GlobalSection(SolutionConfigurationPlatforms) = preSolution
		Debug|Any CPU = Debug|Any CPU
		Release|Any CPU = Release|Any CPU
	EndGlobalSection
	GlobalSection(ProjectConfigurationPlatforms) = postSolution
		{C2ED3B5A-21DC-4894-8C91-1AD77656BE09}.Debug|Any CPU.ActiveCfg = Debug|Any CPU
		{C2ED3B5A-21DC-4894-8C91-1AD77656BE09}.Debug|Any CPU.Build.0 = Debug|Any CPU
		{C2ED3B5A-21DC-4894-8C91-1AD77656BE09}.Release|Any CPU.ActiveCfg = Release|Any CPU
		{C2ED3B5A-21DC-4894-8C91-1AD77656BE09}.Release|Any CPU.Build.0 = Release|Any CPU
		{867764FE-01F5-46AC-B43F-968330D3EAF9}.Debug|Any CPU.ActiveCfg = Debug|Any CPU
		{867764FE-01F5-46AC-B43F-968330D3EAF9}.Debug|Any CPU.Build.0 = Debug|Any CPU
		{867764FE-01F5-46AC-B43F-968330D3EAF9}.Release|Any CPU.ActiveCfg = Release|Any CPU
		{867764FE-01F5-46AC-B43F-968330D3EAF9}.Release|Any CPU.Build.0 = Release|Any CPU
	EndGlobalSection
	GlobalSection(SolutionProperties) = preSolution
		HideSolutionNode = FALSE
	EndGlobalSection
	GlobalSection(NestedProjects) = preSolution
		{C2ED3B5A-21DC-4894-8C91-1AD77656BE09} = {584B1B07-7B5A-4AE8-8B41-42FF5A358605}
		{867764FE-01F5-46AC-B43F-968330D3EAF9} = {584B1B07-7B5A-4AE8-8B41-42FF5A358605}
	EndGlobalSection
EndGlobal
